
Microsoft Visual Studio Solution File, Format Version 12.00
# Visual Studio Version 17
VisualStudioVersion = 17.4.33205.214
MinimumVisualStudioVersion = 10.0.40219.1
Project("{9A19103F-16F7-4668-BE54-9A1E7A4F7556}") = "IdentityServerWithSpaLogin", "IdentityServerWithSpaLogin\IdentityServerWithSpaLogin.csproj", "{1C627305-E87E-4AEB-ADEE-D1A6E0BDD0F1}"
EndProject
Project("{9A19103F-16F7-4668-BE54-9A1E7A4F7556}") = "MvcClient", "MvcClient\MvcClient.csproj", "{14EBFBC1-BD4F-4DBA-A8E9-175622591E4E}"
EndProject
Project("{9A19103F-16F7-4668-BE54-9A1E7A4F7556}") = "JsClientWeb", "JsClientWeb\JsClientWeb.csproj", "{3CAF98C0-7C3C-4784-BD75-2C8B38D7F7B7}"
EndProject
Project("{E53339B2-1760-4266-BCC7-CA923CBCF16C}") = "docker-compose", "docker-compose.dcproj", "{3C5BF3F2-DD7E-40BB-A61C-A0DAAD37118F}"
EndProject
Project("{9A19103F-16F7-4668-BE54-9A1E7A4F7556}") = "ProductService", "ProductService\ProductService.csproj", "{7D908002-47F8-43C7-BD53-C134602DC4CE}"
EndProject
Project("{9A19103F-16F7-4668-BE54-9A1E7A4F7556}") = "OrderService", "OrderService\OrderService.csproj", "{0753BF93-B38E-43E0-98DF-35CA60ABB29E}"
EndProject
Project("{54A90642-561A-4BB1-A94E-469ADEE60C69}") = "reactclient", "ReactClient\reactclient.esproj", "{EC2BE0B3-7B02-497E-836E-DDD3997222B5}"
EndProject
Global
	GlobalSection(SolutionConfigurationPlatforms) = preSolution
		Debug|Any CPU = Debug|Any CPU
		Release|Any CPU = Release|Any CPU
	EndGlobalSection
	GlobalSection(ProjectConfigurationPlatforms) = postSolution
		{1C627305-E87E-4AEB-ADEE-D1A6E0BDD0F1}.Debug|Any CPU.ActiveCfg = Debug|Any CPU
		{1C627305-E87E-4AEB-ADEE-D1A6E0BDD0F1}.Debug|Any CPU.Build.0 = Debug|Any CPU
		{1C627305-E87E-4AEB-ADEE-D1A6E0BDD0F1}.Release|Any CPU.ActiveCfg = Release|Any CPU
		{1C627305-E87E-4AEB-ADEE-D1A6E0BDD0F1}.Release|Any CPU.Build.0 = Release|Any CPU
		{14EBFBC1-BD4F-4DBA-A8E9-175622591E4E}.Debug|Any CPU.ActiveCfg = Debug|Any CPU
		{14EBFBC1-BD4F-4DBA-A8E9-175622591E4E}.Debug|Any CPU.Build.0 = Debug|Any CPU
		{14EBFBC1-BD4F-4DBA-A8E9-175622591E4E}.Release|Any CPU.ActiveCfg = Release|Any CPU
		{14EBFBC1-BD4F-4DBA-A8E9-175622591E4E}.Release|Any CPU.Build.0 = Release|Any CPU
		{3CAF98C0-7C3C-4784-BD75-2C8B38D7F7B7}.Debug|Any CPU.ActiveCfg = Debug|Any CPU
		{3CAF98C0-7C3C-4784-BD75-2C8B38D7F7B7}.Debug|Any CPU.Build.0 = Debug|Any CPU
		{3CAF98C0-7C3C-4784-BD75-2C8B38D7F7B7}.Release|Any CPU.ActiveCfg = Release|Any CPU
		{3CAF98C0-7C3C-4784-BD75-2C8B38D7F7B7}.Release|Any CPU.Build.0 = Release|Any CPU
		{3C5BF3F2-DD7E-40BB-A61C-A0DAAD37118F}.Debug|Any CPU.ActiveCfg = Debug|Any CPU
		{3C5BF3F2-DD7E-40BB-A61C-A0DAAD37118F}.Release|Any CPU.ActiveCfg = Release|Any CPU
		{3C5BF3F2-DD7E-40BB-A61C-A0DAAD37118F}.Release|Any CPU.Build.0 = Release|Any CPU
		{7D908002-47F8-43C7-BD53-C134602DC4CE}.Debug|Any CPU.ActiveCfg = Debug|Any CPU
		{7D908002-47F8-43C7-BD53-C134602DC4CE}.Debug|Any CPU.Build.0 = Debug|Any CPU
		{7D908002-47F8-43C7-BD53-C134602DC4CE}.Release|Any CPU.ActiveCfg = Release|Any CPU
		{7D908002-47F8-43C7-BD53-C134602DC4CE}.Release|Any CPU.Build.0 = Release|Any CPU
		{0753BF93-B38E-43E0-98DF-35CA60ABB29E}.Debug|Any CPU.ActiveCfg = Debug|Any CPU
		{0753BF93-B38E-43E0-98DF-35CA60ABB29E}.Debug|Any CPU.Build.0 = Debug|Any CPU
		{0753BF93-B38E-43E0-98DF-35CA60ABB29E}.Release|Any CPU.ActiveCfg = Release|Any CPU
		{0753BF93-B38E-43E0-98DF-35CA60ABB29E}.Release|Any CPU.Build.0 = Release|Any CPU
		{EC2BE0B3-7B02-497E-836E-DDD3997222B5}.Debug|Any CPU.ActiveCfg = Debug|Any CPU
		{EC2BE0B3-7B02-497E-836E-DDD3997222B5}.Debug|Any CPU.Build.0 = Debug|Any CPU
		{EC2BE0B3-7B02-497E-836E-DDD3997222B5}.Debug|Any CPU.Deploy.0 = Debug|Any CPU
		{EC2BE0B3-7B02-497E-836E-DDD3997222B5}.Release|Any CPU.ActiveCfg = Release|Any CPU
		{EC2BE0B3-7B02-497E-836E-DDD3997222B5}.Release|Any CPU.Build.0 = Release|Any CPU
		{EC2BE0B3-7B02-497E-836E-DDD3997222B5}.Release|Any CPU.Deploy.0 = Release|Any CPU
	EndGlobalSection
	GlobalSection(SolutionProperties) = preSolution
		HideSolutionNode = FALSE
	EndGlobalSection
	GlobalSection(ExtensibilityGlobals) = postSolution
		SolutionGuid = {B532CCDC-6403-4781-8819-11876D88A0A5}
	EndGlobalSection
EndGlobal
